
Microsoft Visual Studio Solution File, Format Version 12.00
# Visual Studio Version 16
VisualStudioVersion = 16.0.29326.143
MinimumVisualStudioVersion = 10.0.40219.1
Project("{FAE04EC0-301F-11D3-BF4B-00C04F79EFBC}") = "WindowsFormsCruiser", "WindowsFormsCruiser\WindowsFormsCruiser.csproj", "{527B1E81-D08E-4B2F-9F8E-7B01B1D78B69}"
EndProject
Global
	GlobalSection(SolutionConfigurationPlatforms) = preSolution
		Debug|Any CPU = Debug|Any CPU
		Release|Any CPU = Release|Any CPU
	EndGlobalSection
	GlobalSection(ProjectConfigurationPlatforms) = postSolution
		{527B1E81-D08E-4B2F-9F8E-7B01B1D78B69}.Debug|Any CPU.ActiveCfg = Debug|Any CPU
		{527B1E81-D08E-4B2F-9F8E-7B01B1D78B69}.Debug|Any CPU.Build.0 = Debug|Any CPU
		{527B1E81-D08E-4B2F-9F8E-7B01B1D78B69}.Release|Any CPU.ActiveCfg = Release|Any CPU
		{527B1E81-D08E-4B2F-9F8E-7B01B1D78B69}.Release|Any CPU.Build.0 = Release|Any CPU
	EndGlobalSection
	GlobalSection(SolutionProperties) = preSolution
		HideSolutionNode = FALSE
	EndGlobalSection
	GlobalSection(ExtensibilityGlobals) = postSolution
		SolutionGuid = {127A2BA1-825B-42B0-885D-FBB81AC33595}
	EndGlobalSection
EndGlobal
